<?xml version="1.0" encoding="utf-8"?>
<Project ToolsVersion="4.0" xmlns="http://schemas.microsoft.com/developer/msbuild/2003">
  <ItemGroup>
    <ClInclude Include="protect\anti_dump.h" />
    <ClInclude Include="misc\lazy.h" />
    <ClInclude Include="protect\anti_debugger.h" />
    <ClInclude Include="encryption\xor.h" />
    <ClInclude Include="protect\protectmain.h" />
    <ClInclude Include="protect\anti_attach.h" />
    <ClInclude Include="misc\process.hpp" />
    <ClInclude Include="protect\killprocess.h" />
  </ItemGroup>
  <ItemGroup>
    <ClCompile Include="protect\protectmain.cpp" />
    <ClCompile Include="main\main.cpp" />
  </ItemGroup>
</Project>