<?xml version="1.0" encoding="utf-8"?>
<Project ToolsVersion="4.0" xmlns="http://schemas.microsoft.com/developer/msbuild/2003">
  <ItemGroup>
    <ClInclude Include="protect\anti_dump.h" />
    <ClInclude Include="misc\lazy.h" />
    <ClInclude Include="protect\anti_debugger.h" />
    <ClInclude Include="encryption\xor.h" />
    <ClInclude Include="protect\protectmain.h" />
    <ClInclude Include="protect\anti_attach.h" />
    <ClInclude Include="misc\process.hpp" />
    <ClInclude Include="protect\killprocess.h" />
    <ClInclude Include="protect\selfcode\filler.h" />
    <ClInclude Include="protect\selfcode\ntapi.h" />
    <ClInclude Include="protect\selfcode\pe_header.h" />
    <ClInclude Include="protect\selfcode\remap.h" />
    <ClInclude Include="protect\selfcode\selfcode.h" />
    <ClInclude Include="misc\includes.h" />
  </ItemGroup>
  <ItemGroup>
    <ClCompile Include="protect\protectmain.cpp" />
    <ClCompile Include="main\main.cpp" />
    <ClCompile Include="protect\selfcode\filler.cpp" />
    <ClCompile Include="protect\selfcode\selfcode.cpp" />
    <ClCompile Include="protect\selfcode\ntapi.cpp" />
    <ClCompile Include="protect\selfcode\pe_header.cpp" />
    <ClCompile Include="protect\selfcode\remap.cpp" />
  </ItemGroup>
</Project>